
Microsoft Visual Studio Solution File, Format Version 12.00
# Visual Studio Version 16
VisualStudioVersion = 16.0.29215.179
MinimumVisualStudioVersion = 10.0.40219.1
Project("{FAE04EC0-301F-11D3-BF4B-00C04F79EFBC}") = "MYOBCodeChallenge", "MYOBCodeChallenge\MYOBCodeChallenge.csproj", "{0B407C45-472C-4B14-8810-700F0D1D8A4B}"
EndProject
Project("{FAE04EC0-301F-11D3-BF4B-00C04F79EFBC}") = "MYOB.Models", "MYOB.Models\MYOB.Models.csproj", "{F0B0EEDF-1275-47D9-8CF2-8AE81D6F7327}"
EndProject
Project("{FAE04EC0-301F-11D3-BF4B-00C04F79EFBC}") = "PayslipServiceTest", "PayslipServiceTest\PayslipServiceTest.csproj", "{7E9CD4CF-C786-481B-8C31-B1D53782890C}"
EndProject
Project("{FAE04EC0-301F-11D3-BF4B-00C04F79EFBC}") = "PayslipServiceTestClient", "PayslipServiceTestClient\PayslipServiceTestClient.csproj", "{9B6B14A8-4DB4-4B17-85EE-48A9E451DC91}"
EndProject
Project("{2150E333-8FDC-42A3-9474-1A3956D46DE8}") = "Solution Items", "Solution Items", "{13F8F8CE-40F3-4BE1-84EE-B397F8F886EC}"
	ProjectSection(SolutionItems) = preProject
		README.md = README.md
	EndProjectSection
EndProject
Global
	GlobalSection(SolutionConfigurationPlatforms) = preSolution
		Debug|Any CPU = Debug|Any CPU
		Release|Any CPU = Release|Any CPU
	EndGlobalSection
	GlobalSection(ProjectConfigurationPlatforms) = postSolution
		{0B407C45-472C-4B14-8810-700F0D1D8A4B}.Debug|Any CPU.ActiveCfg = Debug|Any CPU
		{0B407C45-472C-4B14-8810-700F0D1D8A4B}.Debug|Any CPU.Build.0 = Debug|Any CPU
		{0B407C45-472C-4B14-8810-700F0D1D8A4B}.Release|Any CPU.ActiveCfg = Release|Any CPU
		{0B407C45-472C-4B14-8810-700F0D1D8A4B}.Release|Any CPU.Build.0 = Release|Any CPU
		{F0B0EEDF-1275-47D9-8CF2-8AE81D6F7327}.Debug|Any CPU.ActiveCfg = Debug|Any CPU
		{F0B0EEDF-1275-47D9-8CF2-8AE81D6F7327}.Debug|Any CPU.Build.0 = Debug|Any CPU
		{F0B0EEDF-1275-47D9-8CF2-8AE81D6F7327}.Release|Any CPU.ActiveCfg = Release|Any CPU
		{F0B0EEDF-1275-47D9-8CF2-8AE81D6F7327}.Release|Any CPU.Build.0 = Release|Any CPU
		{7E9CD4CF-C786-481B-8C31-B1D53782890C}.Debug|Any CPU.ActiveCfg = Debug|Any CPU
		{7E9CD4CF-C786-481B-8C31-B1D53782890C}.Debug|Any CPU.Build.0 = Debug|Any CPU
		{7E9CD4CF-C786-481B-8C31-B1D53782890C}.Release|Any CPU.ActiveCfg = Release|Any CPU
		{7E9CD4CF-C786-481B-8C31-B1D53782890C}.Release|Any CPU.Build.0 = Release|Any CPU
		{9B6B14A8-4DB4-4B17-85EE-48A9E451DC91}.Debug|Any CPU.ActiveCfg = Debug|Any CPU
		{9B6B14A8-4DB4-4B17-85EE-48A9E451DC91}.Debug|Any CPU.Build.0 = Debug|Any CPU
		{9B6B14A8-4DB4-4B17-85EE-48A9E451DC91}.Release|Any CPU.ActiveCfg = Release|Any CPU
		{9B6B14A8-4DB4-4B17-85EE-48A9E451DC91}.Release|Any CPU.Build.0 = Release|Any CPU
	EndGlobalSection
	GlobalSection(SolutionProperties) = preSolution
		HideSolutionNode = FALSE
	EndGlobalSection
	GlobalSection(ExtensibilityGlobals) = postSolution
		SolutionGuid = {9DA87372-1D20-4439-9EB6-746C6612BA1C}
	EndGlobalSection
EndGlobal
